
Microsoft Visual Studio Solution File, Format Version 12.00
# Visual Studio Version 17
VisualStudioVersion = 17.5.33424.131
MinimumVisualStudioVersion = 10.0.40219.1
Project("{FAE04EC0-301F-11D3-BF4B-00C04F79EFBC}") = "WindowsFormsApp11", "WindowsFormsApp11.csproj", "{F60E9822-1123-4C77-98AB-7E713D37969D}"
EndProject
Global
	GlobalSection(SolutionConfigurationPlatforms) = preSolution
		Debug|Any CPU = Debug|Any CPU
		Release|Any CPU = Release|Any CPU
	EndGlobalSection
	GlobalSection(ProjectConfigurationPlatforms) = postSolution
		{F60E9822-1123-4C77-98AB-7E713D37969D}.Debug|Any CPU.ActiveCfg = Debug|Any CPU
		{F60E9822-1123-4C77-98AB-7E713D37969D}.Debug|Any CPU.Build.0 = Debug|Any CPU
		{F60E9822-1123-4C77-98AB-7E713D37969D}.Release|Any CPU.ActiveCfg = Release|Any CPU
		{F60E9822-1123-4C77-98AB-7E713D37969D}.Release|Any CPU.Build.0 = Release|Any CPU
	EndGlobalSection
	GlobalSection(SolutionProperties) = preSolution
		HideSolutionNode = FALSE
	EndGlobalSection
	GlobalSection(ExtensibilityGlobals) = postSolution
		SolutionGuid = {62A9DA58-B725-4847-9F1F-4FAD16614146}
	EndGlobalSection
EndGlobal
